// !$*UTF8*$!
{
	archiveVersion = 1;
	classes = {
	};
	objectVersion = 46;
	objects = {

/* Begin PBXBuildFile section */
		3807FE4420D6090800683077 /* SetupProfileView.swift in Sources */ = {isa = PBXBuildFile; fileRef = 3807FE4320D6090800683077 /* SetupProfileView.swift */; };
		3807FE6420D9E3DB00683077 /* PeersViewController.swift in Sources */ = {isa = PBXBuildFile; fileRef = 3807FE6320D9E3DB00683077 /* PeersViewController.swift */; };
		3807FE6620D9E3E500683077 /* PeersView.swift in Sources */ = {isa = PBXBuildFile; fileRef = 3807FE6520D9E3E500683077 /* PeersView.swift */; };
		3807FE6A20D9E46C00683077 /* ColorServiceManager.swift in Sources */ = {isa = PBXBuildFile; fileRef = 3807FE6920D9E46C00683077 /* ColorServiceManager.swift */; };
		38882FCB1F26AC2F00C032D4 /* AppDelegate.swift in Sources */ = {isa = PBXBuildFile; fileRef = 38882FCA1F26AC2F00C032D4 /* AppDelegate.swift */; };
		38882FCD1F26AC2F00C032D4 /* ViewController.swift in Sources */ = {isa = PBXBuildFile; fileRef = 38882FCC1F26AC2F00C032D4 /* ViewController.swift */; };
		38882FD01F26AC2F00C032D4 /* Main.storyboard in Resources */ = {isa = PBXBuildFile; fileRef = 38882FCE1F26AC2F00C032D4 /* Main.storyboard */; };
		38882FD21F26AC2F00C032D4 /* Assets.xcassets in Resources */ = {isa = PBXBuildFile; fileRef = 38882FD11F26AC2F00C032D4 /* Assets.xcassets */; };
		38882FD51F26AC2F00C032D4 /* LaunchScreen.storyboard in Resources */ = {isa = PBXBuildFile; fileRef = 38882FD31F26AC2F00C032D4 /* LaunchScreen.storyboard */; };
		38882FDD1F26ACBC00C032D4 /* SetupProfileViewController.swift in Sources */ = {isa = PBXBuildFile; fileRef = 38882FDC1F26ACBC00C032D4 /* SetupProfileViewController.swift */; };
		38882FDF1F26ACCD00C032D4 /* ProfileViewController.swift in Sources */ = {isa = PBXBuildFile; fileRef = 38882FDE1F26ACCD00C032D4 /* ProfileViewController.swift */; };
/* End PBXBuildFile section */

/* Begin PBXFileReference section */
		3807FE4320D6090800683077 /* SetupProfileView.swift */ = {isa = PBXFileReference; lastKnownFileType = sourcecode.swift; path = SetupProfileView.swift; sourceTree = "<group>"; };
		3807FE6320D9E3DB00683077 /* PeersViewController.swift */ = {isa = PBXFileReference; lastKnownFileType = sourcecode.swift; path = PeersViewController.swift; sourceTree = "<group>"; };
		3807FE6520D9E3E500683077 /* PeersView.swift */ = {isa = PBXFileReference; lastKnownFileType = sourcecode.swift; path = PeersView.swift; sourceTree = "<group>"; };
		3807FE6920D9E46C00683077 /* ColorServiceManager.swift */ = {isa = PBXFileReference; lastKnownFileType = sourcecode.swift; path = ColorServiceManager.swift; sourceTree = "<group>"; };
		38882FC71F26AC2F00C032D4 /* Meet.app */ = {isa = PBXFileReference; explicitFileType = wrapper.application; includeInIndex = 0; path = Meet.app; sourceTree = BUILT_PRODUCTS_DIR; };
		38882FCA1F26AC2F00C032D4 /* AppDelegate.swift */ = {isa = PBXFileReference; lastKnownFileType = sourcecode.swift; path = AppDelegate.swift; sourceTree = "<group>"; };
		38882FCC1F26AC2F00C032D4 /* ViewController.swift */ = {isa = PBXFileReference; lastKnownFileType = sourcecode.swift; path = ViewController.swift; sourceTree = "<group>"; };
		38882FCF1F26AC2F00C032D4 /* Base */ = {isa = PBXFileReference; lastKnownFileType = file.storyboard; name = Base; path = Base.lproj/Main.storyboard; sourceTree = "<group>"; };
		38882FD11F26AC2F00C032D4 /* Assets.xcassets */ = {isa = PBXFileReference; lastKnownFileType = folder.assetcatalog; path = Assets.xcassets; sourceTree = "<group>"; };
		38882FD41F26AC2F00C032D4 /* Base */ = {isa = PBXFileReference; lastKnownFileType = file.storyboard; name = Base; path = Base.lproj/LaunchScreen.storyboard; sourceTree = "<group>"; };
		38882FD61F26AC2F00C032D4 /* Info.plist */ = {isa = PBXFileReference; lastKnownFileType = text.plist.xml; path = Info.plist; sourceTree = "<group>"; };
		38882FDC1F26ACBC00C032D4 /* SetupProfileViewController.swift */ = {isa = PBXFileReference; fileEncoding = 4; lastKnownFileType = sourcecode.swift; path = SetupProfileViewController.swift; sourceTree = "<group>"; };
		38882FDE1F26ACCD00C032D4 /* ProfileViewController.swift */ = {isa = PBXFileReference; fileEncoding = 4; lastKnownFileType = sourcecode.swift; path = ProfileViewController.swift; sourceTree = "<group>"; };
/* End PBXFileReference section */

/* Begin PBXFrameworksBuildPhase section */
		38882FC41F26AC2F00C032D4 /* Frameworks */ = {
			isa = PBXFrameworksBuildPhase;
			buildActionMask = 2147483647;
			files = (
			);
			runOnlyForDeploymentPostprocessing = 0;
		};
/* End PBXFrameworksBuildPhase section */

/* Begin PBXGroup section */
		3807FE6720D9E3EA00683077 /* Peers */ = {
			isa = PBXGroup;
			children = (
				3807FE6520D9E3E500683077 /* PeersView.swift */,
				3807FE6320D9E3DB00683077 /* PeersViewController.swift */,
				3807FE6920D9E46C00683077 /* ColorServiceManager.swift */,
			);
			path = Peers;
			sourceTree = "<group>";
		};
		3807FE6820D9E3F400683077 /* SetupProfile */ = {
			isa = PBXGroup;
			children = (
				38882FDC1F26ACBC00C032D4 /* SetupProfileViewController.swift */,
				3807FE4320D6090800683077 /* SetupProfileView.swift */,
			);
			path = SetupProfile;
			sourceTree = "<group>";
		};
		38882FBE1F26AC2F00C032D4 = {
			isa = PBXGroup;
			children = (
				38882FC91F26AC2F00C032D4 /* Meet */,
				38882FC81F26AC2F00C032D4 /* Products */,
			);
			sourceTree = "<group>";
		};
		38882FC81F26AC2F00C032D4 /* Products */ = {
			isa = PBXGroup;
			children = (
				38882FC71F26AC2F00C032D4 /* Meet.app */,
			);
			name = Products;
			sourceTree = "<group>";
		};
		38882FC91F26AC2F00C032D4 /* Meet */ = {
			isa = PBXGroup;
			children = (
				38882FCA1F26AC2F00C032D4 /* AppDelegate.swift */,
				38882FCC1F26AC2F00C032D4 /* ViewController.swift */,
				38882FCE1F26AC2F00C032D4 /* Main.storyboard */,
				38882FD11F26AC2F00C032D4 /* Assets.xcassets */,
				38882FD31F26AC2F00C032D4 /* LaunchScreen.storyboard */,
				38882FD61F26AC2F00C032D4 /* Info.plist */,
				38882FDE1F26ACCD00C032D4 /* ProfileViewController.swift */,
				3807FE6820D9E3F400683077 /* SetupProfile */,
				3807FE6720D9E3EA00683077 /* Peers */,
			);
			path = Meet;
			sourceTree = "<group>";
		};
/* End PBXGroup section */

/* Begin PBXNativeTarget section */
		38882FC61F26AC2F00C032D4 /* Meet */ = {
			isa = PBXNativeTarget;
			buildConfigurationList = 38882FD91F26AC2F00C032D4 /* Build configuration list for PBXNativeTarget "Meet" */;
			buildPhases = (
				38882FC31F26AC2F00C032D4 /* Sources */,
				38882FC41F26AC2F00C032D4 /* Frameworks */,
				38882FC51F26AC2F00C032D4 /* Resources */,
			);
			buildRules = (
			);
			dependencies = (
			);
			name = Meet;
			productName = Meet;
			productReference = 38882FC71F26AC2F00C032D4 /* Meet.app */;
			productType = "com.apple.product-type.application";
		};
/* End PBXNativeTarget section */

/* Begin PBXProject section */
		38882FBF1F26AC2F00C032D4 /* Project object */ = {
			isa = PBXProject;
			attributes = {
				LastSwiftUpdateCheck = 0830;
				LastUpgradeCheck = 0830;
				ORGANIZATIONNAME = "Caelan Dailey";
				TargetAttributes = {
					38882FC61F26AC2F00C032D4 = {
						CreatedOnToolsVersion = 8.3.3;
						DevelopmentTeam = N3VBXEQWW6;
						ProvisioningStyle = Automatic;
					};
				};
			};
			buildConfigurationList = 38882FC21F26AC2F00C032D4 /* Build configuration list for PBXProject "Meet" */;
			compatibilityVersion = "Xcode 3.2";
			developmentRegion = English;
			hasScannedForEncodings = 0;
			knownRegions = (
				en,
				Base,
			);
			mainGroup = 38882FBE1F26AC2F00C032D4;
			productRefGroup = 38882FC81F26AC2F00C032D4 /* Products */;
			projectDirPath = "";
			projectRoot = "";
			targets = (
				38882FC61F26AC2F00C032D4 /* Meet */,
			);
		};
/* End PBXProject section */

/* Begin PBXResourcesBuildPhase section */
		38882FC51F26AC2F00C032D4 /* Resources */ = {
			isa = PBXResourcesBuildPhase;
			buildActionMask = 2147483647;
			files = (
				38882FD51F26AC2F00C032D4 /* LaunchScreen.storyboard in Resources */,
				38882FD21F26AC2F00C032D4 /* Assets.xcassets in Resources */,
				38882FD01F26AC2F00C032D4 /* Main.storyboard in Resources */,
			);
			runOnlyForDeploymentPostprocessing = 0;
		};
/* End PBXResourcesBuildPhase section */

/* Begin PBXSourcesBuildPhase section */
		38882FC31F26AC2F00C032D4 /* Sources */ = {
			isa = PBXSourcesBuildPhase;
			buildActionMask = 2147483647;
			files = (
				38882FDD1F26ACBC00C032D4 /* SetupProfileViewController.swift in Sources */,
				3807FE6620D9E3E500683077 /* PeersView.swift in Sources */,
				38882FCD1F26AC2F00C032D4 /* ViewController.swift in Sources */,
				38882FDF1F26ACCD00C032D4 /* ProfileViewController.swift in Sources */,
				3807FE6A20D9E46C00683077 /* ColorServiceManager.swift in Sources */,
				3807FE6420D9E3DB00683077 /* PeersViewController.swift in Sources */,
				3807FE4420D6090800683077 /* SetupProfileView.swift in Sources */,
				38882FCB1F26AC2F00C032D4 /* AppDelegate.swift in Sources */,
			);
			runOnlyForDeploymentPostprocessing = 0;
		};
/* End PBXSourcesBuildPhase section */

/* Begin PBXVariantGroup section */
		38882FCE1F26AC2F00C032D4 /* Main.storyboard */ = {
			isa = PBXVariantGroup;
			children = (
				38882FCF1F26AC2F00C032D4 /* Base */,
			);
			name = Main.storyboard;
			sourceTree = "<group>";
		};
		38882FD31F26AC2F00C032D4 /* LaunchScreen.storyboard */ = {
			isa = PBXVariantGroup;
			children = (
				38882FD41F26AC2F00C032D4 /* Base */,
			);
			name = LaunchScreen.storyboard;
			sourceTree = "<group>";
		};
/* End PBXVariantGroup section */

/* Begin XCBuildConfiguration section */
		38882FD71F26AC2F00C032D4 /* Debug */ = {
			isa = XCBuildConfiguration;
			buildSettings = {
				ALWAYS_SEARCH_USER_PATHS = NO;
				CLANG_ANALYZER_NONNULL = YES;
				CLANG_ANALYZER_NUMBER_OBJECT_CONVERSION = YES_AGGRESSIVE;
				CLANG_CXX_LANGUAGE_STANDARD = "gnu++0x";
				CLANG_CXX_LIBRARY = "libc++";
				CLANG_ENABLE_MODULES = YES;
				CLANG_ENABLE_OBJC_ARC = YES;
				CLANG_WARN_BOOL_CONVERSION = YES;
				CLANG_WARN_CONSTANT_CONVERSION = YES;
				CLANG_WARN_DIRECT_OBJC_ISA_USAGE = YES_ERROR;
				CLANG_WARN_DOCUMENTATION_COMMENTS = YES;
				CLANG_WARN_EMPTY_BODY = YES;
				CLANG_WARN_ENUM_CONVERSION = YES;
				CLANG_WARN_INFINITE_RECURSION = YES;
				CLANG_WARN_INT_CONVERSION = YES;
				CLANG_WARN_OBJC_ROOT_CLASS = YES_ERROR;
				CLANG_WARN_SUSPICIOUS_MOVE = YES;
				CLANG_WARN_UNREACHABLE_CODE = YES;
				CLANG_WARN__DUPLICATE_METHOD_MATCH = YES;
				"CODE_SIGN_IDENTITY[sdk=iphoneos*]" = "iPhone Developer";
				COPY_PHASE_STRIP = NO;
				DEBUG_INFORMATION_FORMAT = dwarf;
				ENABLE_STRICT_OBJC_MSGSEND = YES;
				ENABLE_TESTABILITY = YES;
				GCC_C_LANGUAGE_STANDARD = gnu99;
				GCC_DYNAMIC_NO_PIC = NO;
				GCC_NO_COMMON_BLOCKS = YES;
				GCC_OPTIMIZATION_LEVEL = 0;
				GCC_PREPROCESSOR_DEFINITIONS = (
					"DEBUG=1",
					"$(inherited)",
				);
				GCC_WARN_64_TO_32_BIT_CONVERSION = YES;
				GCC_WARN_ABOUT_RETURN_TYPE = YES_ERROR;
				GCC_WARN_UNDECLARED_SELECTOR = YES;
				GCC_WARN_UNINITIALIZED_AUTOS = YES_AGGRESSIVE;
				GCC_WARN_UNUSED_FUNCTION = YES;
				GCC_WARN_UNUSED_VARIABLE = YES;
				IPHONEOS_DEPLOYMENT_TARGET = 10.3;
				MTL_ENABLE_DEBUG_INFO = YES;
				ONLY_ACTIVE_ARCH = YES;
				SDKROOT = iphoneos;
				SWIFT_ACTIVE_COMPILATION_CONDITIONS = DEBUG;
				SWIFT_OPTIMIZATION_LEVEL = "-Onone";
			};
			name = Debug;
		};
		38882FD81F26AC2F00C032D4 /* Release */ = {
			isa = XCBuildConfiguration;
			buildSettings = {
				ALWAYS_SEARCH_USER_PATHS = NO;
				CLANG_ANALYZER_NONNULL = YES;
				CLANG_ANALYZER_NUMBER_OBJECT_CONVERSION = YES_AGGRESSIVE;
				CLANG_CXX_LANGUAGE_STANDARD = "gnu++0x";
				CLANG_CXX_LIBRARY = "libc++";
				CLANG_ENABLE_MODULES = YES;
				CLANG_ENABLE_OBJC_ARC = YES;
				CLANG_WARN_BOOL_CONVERSION = YES;
				CLANG_WARN_CONSTANT_CONVERSION = YES;
				CLANG_WARN_DIRECT_OBJC_ISA_USAGE = YES_ERROR;
				CLANG_WARN_DOCUMENTATION_COMMENTS = YES;
				CLANG_WARN_EMPTY_BODY = YES;
				CLANG_WARN_ENUM_CONVERSION = YES;
				CLANG_WARN_INFINITE_RECURSION = YES;
				CLANG_WARN_INT_CONVERSION = YES;
				CLANG_WARN_OBJC_ROOT_CLASS = YES_ERROR;
				CLANG_WARN_SUSPICIOUS_MOVE = YES;
				CLANG_WARN_UNREACHABLE_CODE = YES;
				CLANG_WARN__DUPLICATE_METHOD_MATCH = YES;
				"CODE_SIGN_IDENTITY[sdk=iphoneos*]" = "iPhone Developer";
				COPY_PHASE_STRIP = NO;
				DEBUG_INFORMATION_FORMAT = "dwarf-with-dsym";
				ENABLE_NS_ASSERTIONS = NO;
				ENABLE_STRICT_OBJC_MSGSEND = YES;
				GCC_C_LANGUAGE_STANDARD = gnu99;
				GCC_NO_COMMON_BLOCKS = YES;
				GCC_WARN_64_TO_32_BIT_CONVERSION = YES;
				GCC_WARN_ABOUT_RETURN_TYPE = YES_ERROR;
				GCC_WARN_UNDECLARED_SELECTOR = YES;
				GCC_WARN_UNINITIALIZED_AUTOS = YES_AGGRESSIVE;
				GCC_WARN_UNUSED_FUNCTION = YES;
				GCC_WARN_UNUSED_VARIABLE = YES;
				IPHONEOS_DEPLOYMENT_TARGET = 10.3;
				MTL_ENABLE_DEBUG_INFO = NO;
				SDKROOT = iphoneos;
				SWIFT_OPTIMIZATION_LEVEL = "-Owholemodule";
				VALIDATE_PRODUCT = YES;
			};
			name = Release;
		};
		38882FDA1F26AC2F00C032D4 /* Debug */ = {
			isa = XCBuildConfiguration;
			buildSettings = {
				ASSETCATALOG_COMPILER_APPICON_NAME = AppIcon;
				DEVELOPMENT_TEAM = N3VBXEQWW6;
				INFOPLIST_FILE = Meet/Info.plist;
				IPHONEOS_DEPLOYMENT_TARGET = 11.0;
				LD_RUNPATH_SEARCH_PATHS = "$(inherited) @executable_path/Frameworks";
				PRODUCT_BUNDLE_IDENTIFIER = csd.Meet;
				PRODUCT_NAME = "$(TARGET_NAME)";
				SWIFT_VERSION = 3.0;
			};
			name = Debug;
		};
		38882FDB1F26AC2F00C032D4 /* Release */ = {
			isa = XCBuildConfiguration;
			buildSettings = {
				ASSETCATALOG_COMPILER_APPICON_NAME = AppIcon;
				DEVELOPMENT_TEAM = N3VBXEQWW6;
				INFOPLIST_FILE = Meet/Info.plist;
				IPHONEOS_DEPLOYMENT_TARGET = 11.0;
				LD_RUNPATH_SEARCH_PATHS = "$(inherited) @executable_path/Frameworks";
				PRODUCT_BUNDLE_IDENTIFIER = csd.Meet;
				PRODUCT_NAME = "$(TARGET_NAME)";
				SWIFT_VERSION = 3.0;
			};
			name = Release;
		};
/* End XCBuildConfiguration section */

/* Begin XCConfigurationList section */
		38882FC21F26AC2F00C032D4 /* Build configuration list for PBXProject "Meet" */ = {
			isa = XCConfigurationList;
			buildConfigurations = (
				38882FD71F26AC2F00C032D4 /* Debug */,
				38882FD81F26AC2F00C032D4 /* Release */,
			);
			defaultConfigurationIsVisible = 0;
			defaultConfigurationName = Release;
		};
		38882FD91F26AC2F00C032D4 /* Build configuration list for PBXNativeTarget "Meet" */ = {
			isa = XCConfigurationList;
			buildConfigurations = (
				38882FDA1F26AC2F00C032D4 /* Debug */,
				38882FDB1F26AC2F00C032D4 /* Release */,
			);
			defaultConfigurationIsVisible = 0;
			defaultConfigurationName = Release;
		};
/* End XCConfigurationList section */
	};
	rootObject = 38882FBF1F26AC2F00C032D4 /* Project object */;
}
